{
  "name": "@joe_kerr/vuemodaldialogs",
  "version": "1.0.0",
  "lockfileVersion": 1,
  "requires": true,
  "dependencies": {
    "cats4vue": {
      "version": "1.0.0",
      "resolved": "https://registry.npmjs.org/cats4vue/-/cats4vue-1.0.0.tgz",
      "integrity": "sha512-jMCjLvrnEQn5iB4Lcy9XO5r3wwPbWZHTUZ9fk5zW68DfkrJ2UpXLQ0D/xKAwXsduECmfSyvmXPtK/L8U2LiBdQ=="
    },
    "vuex-heman": {
      "version": "1.0.1",
      "resolved": "https://registry.npmjs.org/vuex-heman/-/vuex-heman-1.0.1.tgz",
      "integrity": "sha512-ZIr2N8fLqQYOXlaMgjfo8Ha/FGDZqvXtnt0iFv02+IUoNvHNt2Kejn7yWp8ssFKhSmkgU6tNmTvdEEsusA2JNw=="
    }
  }
}
